
Microsoft Visual Studio Solution File, Format Version 12.00
# Visual Studio Version 16
VisualStudioVersion = 16.0.30804.86
MinimumVisualStudioVersion = 10.0.40219.1
Project("{FAE04EC0-301F-11D3-BF4B-00C04F79EFBC}") = "StudentManager", "StudentManager\StudentManager.csproj", "{36158CCE-3EA8-4812-AF8A-2B1AB10960F4}"
EndProject
Global
	GlobalSection(SolutionConfigurationPlatforms) = preSolution
		Debug|Any CPU = Debug|Any CPU
		Release|Any CPU = Release|Any CPU
	EndGlobalSection
	GlobalSection(ProjectConfigurationPlatforms) = postSolution
		{36158CCE-3EA8-4812-AF8A-2B1AB10960F4}.Debug|Any CPU.ActiveCfg = Debug|Any CPU
		{36158CCE-3EA8-4812-AF8A-2B1AB10960F4}.Debug|Any CPU.Build.0 = Debug|Any CPU
		{36158CCE-3EA8-4812-AF8A-2B1AB10960F4}.Release|Any CPU.ActiveCfg = Release|Any CPU
		{36158CCE-3EA8-4812-AF8A-2B1AB10960F4}.Release|Any CPU.Build.0 = Release|Any CPU
	EndGlobalSection
	GlobalSection(SolutionProperties) = preSolution
		HideSolutionNode = FALSE
	EndGlobalSection
	GlobalSection(ExtensibilityGlobals) = postSolution
		SolutionGuid = {7D3D507D-C618-457B-8E53-F5B713702389}
	EndGlobalSection
EndGlobal
